// !$*UTF8*$!
{
	archiveVersion = 1;
	classes = {
	};
	objectVersion = 56;
	objects = {

/* Begin PBXBuildFile section */
		327DC5D42C162530000B91C2 /* ImagesCollectionViewCell.swift in Sources */ = {isa = PBXBuildFile; fileRef = 327DC5D22C162530000B91C2 /* ImagesCollectionViewCell.swift */; };
		327DC5D52C162530000B91C2 /* ImagesCollectionViewCell.xib in Resources */ = {isa = PBXBuildFile; fileRef = 327DC5D32C162530000B91C2 /* ImagesCollectionViewCell.xib */; };
		327FB2402C14C6990008181C /* SponsoredProductsCollectionViewCell.swift in Sources */ = {isa = PBXBuildFile; fileRef = 327FB23E2C14C6990008181C /* SponsoredProductsCollectionViewCell.swift */; };
		327FB2412C14C6990008181C /* SponsoredProductsCollectionViewCell.xib in Resources */ = {isa = PBXBuildFile; fileRef = 327FB23F2C14C6990008181C /* SponsoredProductsCollectionViewCell.xib */; };
		327FB2442C14E6BB0008181C /* Kingfisher in Frameworks */ = {isa = PBXBuildFile; productRef = 327FB2432C14E6BB0008181C /* Kingfisher */; };
		327FB2472C14EE020008181C /* Double+Extensions.swift in Sources */ = {isa = PBXBuildFile; fileRef = 327FB2462C14EE020008181C /* Double+Extensions.swift */; };
		3283A8B32C1607CF0028BADD /* ProductDetailsViewController.xib in Resources */ = {isa = PBXBuildFile; fileRef = 3283A8B22C1607CF0028BADD /* ProductDetailsViewController.xib */; };
		3283A8B42C1607CF0028BADD /* ProductDetailsViewController.swift in Sources */ = {isa = PBXBuildFile; fileRef = 3283A8B12C1607CF0028BADD /* ProductDetailsViewController.swift */; };
		329800FD2C178D980002C71C /* ProductDetailsContractor.swift in Sources */ = {isa = PBXBuildFile; fileRef = 329800FC2C178D980002C71C /* ProductDetailsContractor.swift */; };
		329800FF2C1793BB0002C71C /* ProductDetailsPresenter.swift in Sources */ = {isa = PBXBuildFile; fileRef = 329800FE2C1793BB0002C71C /* ProductDetailsPresenter.swift */; };
		329801012C1793FC0002C71C /* ProductDetailsInteractor.swift in Sources */ = {isa = PBXBuildFile; fileRef = 329801002C1793FC0002C71C /* ProductDetailsInteractor.swift */; };
		329801032C17943E0002C71C /* ProductDetailsRouter.swift in Sources */ = {isa = PBXBuildFile; fileRef = 329801022C17943E0002C71C /* ProductDetailsRouter.swift */; };
		329D62C52C122E21008D63F7 /* AppDelegate.swift in Sources */ = {isa = PBXBuildFile; fileRef = 329D62C42C122E21008D63F7 /* AppDelegate.swift */; };
		329D62C72C122E21008D63F7 /* SceneDelegate.swift in Sources */ = {isa = PBXBuildFile; fileRef = 329D62C62C122E21008D63F7 /* SceneDelegate.swift */; };
		329D62CE2C122E22008D63F7 /* Assets.xcassets in Resources */ = {isa = PBXBuildFile; fileRef = 329D62CD2C122E22008D63F7 /* Assets.xcassets */; };
		329D62D12C122E22008D63F7 /* Base in Resources */ = {isa = PBXBuildFile; fileRef = 329D62D02C122E22008D63F7 /* Base */; };
		329D62DB2C122F57008D63F7 /* ProductsViewController.swift in Sources */ = {isa = PBXBuildFile; fileRef = 329D62DA2C122F57008D63F7 /* ProductsViewController.swift */; };
		329D62E72C1231BA008D63F7 /* ProductsInteractor.swift in Sources */ = {isa = PBXBuildFile; fileRef = 329D62E62C1231BA008D63F7 /* ProductsInteractor.swift */; };
		329D62E92C1231D1008D63F7 /* ProductsPresenter.swift in Sources */ = {isa = PBXBuildFile; fileRef = 329D62E82C1231D1008D63F7 /* ProductsPresenter.swift */; };
		329D62EB2C1231E6008D63F7 /* ProductsEntity.swift in Sources */ = {isa = PBXBuildFile; fileRef = 329D62EA2C1231E6008D63F7 /* ProductsEntity.swift */; };
		329D62EE2C123201008D63F7 /* ProductsRouter.swift in Sources */ = {isa = PBXBuildFile; fileRef = 329D62ED2C123201008D63F7 /* ProductsRouter.swift */; };
		329D62F32C12359E008D63F7 /* ProductDetailsEntity.swift in Sources */ = {isa = PBXBuildFile; fileRef = 329D62F22C12359E008D63F7 /* ProductDetailsEntity.swift */; };
		329D62F52C1248D0008D63F7 /* MainRooter.swift in Sources */ = {isa = PBXBuildFile; fileRef = 329D62F42C1248D0008D63F7 /* MainRooter.swift */; };
		329D62F82C124C60008D63F7 /* NetworkManager.swift in Sources */ = {isa = PBXBuildFile; fileRef = 329D62F72C124C60008D63F7 /* NetworkManager.swift */; };
		32A0F4202C14472A0049053D /* ProductsContractor.swift in Sources */ = {isa = PBXBuildFile; fileRef = 32A0F41F2C14472A0049053D /* ProductsContractor.swift */; };
		32A0F4232C1454690049053D /* Constants.swift in Sources */ = {isa = PBXBuildFile; fileRef = 32A0F4222C1454690049053D /* Constants.swift */; };
		32A0F4272C1463B70049053D /* RegularProductsCollectionViewCell.swift in Sources */ = {isa = PBXBuildFile; fileRef = 32A0F4252C1463B70049053D /* RegularProductsCollectionViewCell.swift */; };
		32A0F4282C1463B70049053D /* RegularProductsCollectionViewCell.xib in Resources */ = {isa = PBXBuildFile; fileRef = 32A0F4262C1463B70049053D /* RegularProductsCollectionViewCell.xib */; };
		32A0F42A2C1467690049053D /* DesingPlaceholders.swift in Sources */ = {isa = PBXBuildFile; fileRef = 32A0F4292C1467690049053D /* DesingPlaceholders.swift */; };
/* End PBXBuildFile section */

/* Begin PBXFileReference section */
		327DC5D22C162530000B91C2 /* ImagesCollectionViewCell.swift */ = {isa = PBXFileReference; lastKnownFileType = sourcecode.swift; path = ImagesCollectionViewCell.swift; sourceTree = "<group>"; };
		327DC5D32C162530000B91C2 /* ImagesCollectionViewCell.xib */ = {isa = PBXFileReference; lastKnownFileType = file.xib; path = ImagesCollectionViewCell.xib; sourceTree = "<group>"; };
		327FB23E2C14C6990008181C /* SponsoredProductsCollectionViewCell.swift */ = {isa = PBXFileReference; lastKnownFileType = sourcecode.swift; path = SponsoredProductsCollectionViewCell.swift; sourceTree = "<group>"; };
		327FB23F2C14C6990008181C /* SponsoredProductsCollectionViewCell.xib */ = {isa = PBXFileReference; lastKnownFileType = file.xib; path = SponsoredProductsCollectionViewCell.xib; sourceTree = "<group>"; };
		327FB2462C14EE020008181C /* Double+Extensions.swift */ = {isa = PBXFileReference; lastKnownFileType = sourcecode.swift; path = "Double+Extensions.swift"; sourceTree = "<group>"; };
		3283A8B12C1607CF0028BADD /* ProductDetailsViewController.swift */ = {isa = PBXFileReference; lastKnownFileType = sourcecode.swift; path = ProductDetailsViewController.swift; sourceTree = "<group>"; };
		3283A8B22C1607CF0028BADD /* ProductDetailsViewController.xib */ = {isa = PBXFileReference; lastKnownFileType = file.xib; path = ProductDetailsViewController.xib; sourceTree = "<group>"; };
		329800FC2C178D980002C71C /* ProductDetailsContractor.swift */ = {isa = PBXFileReference; lastKnownFileType = sourcecode.swift; path = ProductDetailsContractor.swift; sourceTree = "<group>"; };
		329800FE2C1793BB0002C71C /* ProductDetailsPresenter.swift */ = {isa = PBXFileReference; lastKnownFileType = sourcecode.swift; path = ProductDetailsPresenter.swift; sourceTree = "<group>"; };
		329801002C1793FC0002C71C /* ProductDetailsInteractor.swift */ = {isa = PBXFileReference; lastKnownFileType = sourcecode.swift; path = ProductDetailsInteractor.swift; sourceTree = "<group>"; };
		329801022C17943E0002C71C /* ProductDetailsRouter.swift */ = {isa = PBXFileReference; lastKnownFileType = sourcecode.swift; path = ProductDetailsRouter.swift; sourceTree = "<group>"; };
		329D62C12C122E21008D63F7 /* CaseStudyViper.app */ = {isa = PBXFileReference; explicitFileType = wrapper.application; includeInIndex = 0; path = CaseStudyViper.app; sourceTree = BUILT_PRODUCTS_DIR; };
		329D62C42C122E21008D63F7 /* AppDelegate.swift */ = {isa = PBXFileReference; lastKnownFileType = sourcecode.swift; path = AppDelegate.swift; sourceTree = "<group>"; };
		329D62C62C122E21008D63F7 /* SceneDelegate.swift */ = {isa = PBXFileReference; lastKnownFileType = sourcecode.swift; path = SceneDelegate.swift; sourceTree = "<group>"; };
		329D62CD2C122E22008D63F7 /* Assets.xcassets */ = {isa = PBXFileReference; lastKnownFileType = folder.assetcatalog; path = Assets.xcassets; sourceTree = "<group>"; };
		329D62D02C122E22008D63F7 /* Base */ = {isa = PBXFileReference; lastKnownFileType = file.storyboard; name = Base; path = Base.lproj/LaunchScreen.storyboard; sourceTree = "<group>"; };
		329D62D22C122E22008D63F7 /* Info.plist */ = {isa = PBXFileReference; lastKnownFileType = text.plist.xml; path = Info.plist; sourceTree = "<group>"; };
		329D62DA2C122F57008D63F7 /* ProductsViewController.swift */ = {isa = PBXFileReference; lastKnownFileType = sourcecode.swift; name = ProductsViewController.swift; path = CaseStudyViper/Products/View/ProductsViewController.swift; sourceTree = SOURCE_ROOT; };
		329D62E62C1231BA008D63F7 /* ProductsInteractor.swift */ = {isa = PBXFileReference; lastKnownFileType = sourcecode.swift; path = ProductsInteractor.swift; sourceTree = "<group>"; };
		329D62E82C1231D1008D63F7 /* ProductsPresenter.swift */ = {isa = PBXFileReference; lastKnownFileType = sourcecode.swift; path = ProductsPresenter.swift; sourceTree = "<group>"; };
		329D62EA2C1231E6008D63F7 /* ProductsEntity.swift */ = {isa = PBXFileReference; lastKnownFileType = sourcecode.swift; path = ProductsEntity.swift; sourceTree = "<group>"; };
		329D62ED2C123201008D63F7 /* ProductsRouter.swift */ = {isa = PBXFileReference; lastKnownFileType = sourcecode.swift; path = ProductsRouter.swift; sourceTree = "<group>"; };
		329D62F22C12359E008D63F7 /* ProductDetailsEntity.swift */ = {isa = PBXFileReference; lastKnownFileType = sourcecode.swift; path = ProductDetailsEntity.swift; sourceTree = "<group>"; };
		329D62F42C1248D0008D63F7 /* MainRooter.swift */ = {isa = PBXFileReference; lastKnownFileType = sourcecode.swift; path = MainRooter.swift; sourceTree = "<group>"; };
		329D62F72C124C60008D63F7 /* NetworkManager.swift */ = {isa = PBXFileReference; lastKnownFileType = sourcecode.swift; path = NetworkManager.swift; sourceTree = "<group>"; };
		32A0F41F2C14472A0049053D /* ProductsContractor.swift */ = {isa = PBXFileReference; lastKnownFileType = sourcecode.swift; path = ProductsContractor.swift; sourceTree = "<group>"; };
		32A0F4222C1454690049053D /* Constants.swift */ = {isa = PBXFileReference; lastKnownFileType = sourcecode.swift; path = Constants.swift; sourceTree = "<group>"; };
		32A0F4252C1463B70049053D /* RegularProductsCollectionViewCell.swift */ = {isa = PBXFileReference; lastKnownFileType = sourcecode.swift; path = RegularProductsCollectionViewCell.swift; sourceTree = "<group>"; };
		32A0F4262C1463B70049053D /* RegularProductsCollectionViewCell.xib */ = {isa = PBXFileReference; lastKnownFileType = file.xib; path = RegularProductsCollectionViewCell.xib; sourceTree = "<group>"; };
		32A0F4292C1467690049053D /* DesingPlaceholders.swift */ = {isa = PBXFileReference; lastKnownFileType = sourcecode.swift; path = DesingPlaceholders.swift; sourceTree = "<group>"; };
/* End PBXFileReference section */

/* Begin PBXFrameworksBuildPhase section */
		329D62BE2C122E21008D63F7 /* Frameworks */ = {
			isa = PBXFrameworksBuildPhase;
			buildActionMask = 2147483647;
			files = (
				327FB2442C14E6BB0008181C /* Kingfisher in Frameworks */,
			);
			runOnlyForDeploymentPostprocessing = 0;
		};
/* End PBXFrameworksBuildPhase section */

/* Begin PBXGroup section */
		327FB2452C14EDE50008181C /* Extensions */ = {
			isa = PBXGroup;
			children = (
				327FB2462C14EE020008181C /* Double+Extensions.swift */,
			);
			path = Extensions;
			sourceTree = "<group>";
		};
		329800F72C1789B90002C71C /* Interactor */ = {
			isa = PBXGroup;
			children = (
				329D62E62C1231BA008D63F7 /* ProductsInteractor.swift */,
			);
			path = Interactor;
			sourceTree = "<group>";
		};
		329800F82C1789C50002C71C /* Presenter */ = {
			isa = PBXGroup;
			children = (
				329D62E82C1231D1008D63F7 /* ProductsPresenter.swift */,
			);
			path = Presenter;
			sourceTree = "<group>";
		};
		329800F92C1789D20002C71C /* Entity */ = {
			isa = PBXGroup;
			children = (
				329D62EA2C1231E6008D63F7 /* ProductsEntity.swift */,
			);
			path = Entity;
			sourceTree = "<group>";
		};
		329800FA2C1789DA0002C71C /* Router */ = {
			isa = PBXGroup;
			children = (
				329D62ED2C123201008D63F7 /* ProductsRouter.swift */,
			);
			path = Router;
			sourceTree = "<group>";
		};
		329800FB2C1789E60002C71C /* View */ = {
			isa = PBXGroup;
			children = (
				3283A8B12C1607CF0028BADD /* ProductDetailsViewController.swift */,
				3283A8B22C1607CF0028BADD /* ProductDetailsViewController.xib */,
				327DC5D22C162530000B91C2 /* ImagesCollectionViewCell.swift */,
				327DC5D32C162530000B91C2 /* ImagesCollectionViewCell.xib */,
			);
			path = View;
			sourceTree = "<group>";
		};
		329D62B82C122E21008D63F7 = {
			isa = PBXGroup;
			children = (
				329D62C32C122E21008D63F7 /* CaseStudyViper */,
				329D62C22C122E21008D63F7 /* Products */,
			);
			sourceTree = "<group>";
		};
		329D62C22C122E21008D63F7 /* Products */ = {
			isa = PBXGroup;
			children = (
				329D62C12C122E21008D63F7 /* CaseStudyViper.app */,
			);
			name = Products;
			sourceTree = "<group>";
		};
		329D62C32C122E21008D63F7 /* CaseStudyViper */ = {
			isa = PBXGroup;
			children = (
				329D62C42C122E21008D63F7 /* AppDelegate.swift */,
				329D62C62C122E21008D63F7 /* SceneDelegate.swift */,
				329D62F42C1248D0008D63F7 /* MainRooter.swift */,
				329D62F62C124C4B008D63F7 /* Services */,
				329D62D82C122F1D008D63F7 /* Products */,
				329D62D92C122F31008D63F7 /* ProductDetails */,
				32A0F4212C14545D0049053D /* Utilities */,
				327FB2452C14EDE50008181C /* Extensions */,
				329D62CD2C122E22008D63F7 /* Assets.xcassets */,
				329D62CF2C122E22008D63F7 /* LaunchScreen.storyboard */,
				329D62D22C122E22008D63F7 /* Info.plist */,
			);
			path = CaseStudyViper;
			sourceTree = "<group>";
		};
		329D62D82C122F1D008D63F7 /* Products */ = {
			isa = PBXGroup;
			children = (
				32A0F41F2C14472A0049053D /* ProductsContractor.swift */,
				32A0F4242C1463940049053D /* View */,
				329800F72C1789B90002C71C /* Interactor */,
				329800F82C1789C50002C71C /* Presenter */,
				329800F92C1789D20002C71C /* Entity */,
				329800FA2C1789DA0002C71C /* Router */,
			);
			path = Products;
			sourceTree = "<group>";
		};
		329D62D92C122F31008D63F7 /* ProductDetails */ = {
			isa = PBXGroup;
			children = (
				329800FC2C178D980002C71C /* ProductDetailsContractor.swift */,
				329800FB2C1789E60002C71C /* View */,
				329D62F22C12359E008D63F7 /* ProductDetailsEntity.swift */,
				329800FE2C1793BB0002C71C /* ProductDetailsPresenter.swift */,
				329801002C1793FC0002C71C /* ProductDetailsInteractor.swift */,
				329801022C17943E0002C71C /* ProductDetailsRouter.swift */,
			);
			path = ProductDetails;
			sourceTree = "<group>";
		};
		329D62F62C124C4B008D63F7 /* Services */ = {
			isa = PBXGroup;
			children = (
				329D62F72C124C60008D63F7 /* NetworkManager.swift */,
			);
			path = Services;
			sourceTree = "<group>";
		};
		32A0F4212C14545D0049053D /* Utilities */ = {
			isa = PBXGroup;
			children = (
				32A0F4222C1454690049053D /* Constants.swift */,
				32A0F4292C1467690049053D /* DesingPlaceholders.swift */,
			);
			path = Utilities;
			sourceTree = "<group>";
		};
		32A0F4242C1463940049053D /* View */ = {
			isa = PBXGroup;
			children = (
				329D62DA2C122F57008D63F7 /* ProductsViewController.swift */,
				32A0F4252C1463B70049053D /* RegularProductsCollectionViewCell.swift */,
				32A0F4262C1463B70049053D /* RegularProductsCollectionViewCell.xib */,
				327FB23E2C14C6990008181C /* SponsoredProductsCollectionViewCell.swift */,
				327FB23F2C14C6990008181C /* SponsoredProductsCollectionViewCell.xib */,
			);
			path = View;
			sourceTree = "<group>";
		};
/* End PBXGroup section */

/* Begin PBXNativeTarget section */
		329D62C02C122E21008D63F7 /* CaseStudyViper */ = {
			isa = PBXNativeTarget;
			buildConfigurationList = 329D62D52C122E22008D63F7 /* Build configuration list for PBXNativeTarget "CaseStudyViper" */;
			buildPhases = (
				329D62BD2C122E21008D63F7 /* Sources */,
				329D62BE2C122E21008D63F7 /* Frameworks */,
				329D62BF2C122E21008D63F7 /* Resources */,
			);
			buildRules = (
			);
			dependencies = (
			);
			name = CaseStudyViper;
			packageProductDependencies = (
				327FB2432C14E6BB0008181C /* Kingfisher */,
			);
			productName = CaseStudyViper;
			productReference = 329D62C12C122E21008D63F7 /* CaseStudyViper.app */;
			productType = "com.apple.product-type.application";
		};
/* End PBXNativeTarget section */

/* Begin PBXProject section */
		329D62B92C122E21008D63F7 /* Project object */ = {
			isa = PBXProject;
			attributes = {
				BuildIndependentTargetsInParallel = 1;
				LastSwiftUpdateCheck = 1540;
				LastUpgradeCheck = 1540;
				TargetAttributes = {
					329D62C02C122E21008D63F7 = {
						CreatedOnToolsVersion = 15.4;
					};
				};
			};
			buildConfigurationList = 329D62BC2C122E21008D63F7 /* Build configuration list for PBXProject "CaseStudyViper" */;
			compatibilityVersion = "Xcode 14.0";
			developmentRegion = en;
			hasScannedForEncodings = 0;
			knownRegions = (
				en,
				Base,
			);
			mainGroup = 329D62B82C122E21008D63F7;
			packageReferences = (
				327FB2422C14E6BB0008181C /* XCRemoteSwiftPackageReference "Kingfisher" */,
			);
			productRefGroup = 329D62C22C122E21008D63F7 /* Products */;
			projectDirPath = "";
			projectRoot = "";
			targets = (
				329D62C02C122E21008D63F7 /* CaseStudyViper */,
			);
		};
/* End PBXProject section */

/* Begin PBXResourcesBuildPhase section */
		329D62BF2C122E21008D63F7 /* Resources */ = {
			isa = PBXResourcesBuildPhase;
			buildActionMask = 2147483647;
			files = (
				327DC5D52C162530000B91C2 /* ImagesCollectionViewCell.xib in Resources */,
				327FB2412C14C6990008181C /* SponsoredProductsCollectionViewCell.xib in Resources */,
				329D62CE2C122E22008D63F7 /* Assets.xcassets in Resources */,
				329D62D12C122E22008D63F7 /* Base in Resources */,
				3283A8B32C1607CF0028BADD /* ProductDetailsViewController.xib in Resources */,
				32A0F4282C1463B70049053D /* RegularProductsCollectionViewCell.xib in Resources */,
			);
			runOnlyForDeploymentPostprocessing = 0;
		};
/* End PBXResourcesBuildPhase section */

/* Begin PBXSourcesBuildPhase section */
		329D62BD2C122E21008D63F7 /* Sources */ = {
			isa = PBXSourcesBuildPhase;
			buildActionMask = 2147483647;
			files = (
				329D62DB2C122F57008D63F7 /* ProductsViewController.swift in Sources */,
				329D62F82C124C60008D63F7 /* NetworkManager.swift in Sources */,
				329D62F32C12359E008D63F7 /* ProductDetailsEntity.swift in Sources */,
				329801032C17943E0002C71C /* ProductDetailsRouter.swift in Sources */,
				329D62F52C1248D0008D63F7 /* MainRooter.swift in Sources */,
				327FB2472C14EE020008181C /* Double+Extensions.swift in Sources */,
				329D62C52C122E21008D63F7 /* AppDelegate.swift in Sources */,
				32A0F4202C14472A0049053D /* ProductsContractor.swift in Sources */,
				329800FF2C1793BB0002C71C /* ProductDetailsPresenter.swift in Sources */,
				32A0F4232C1454690049053D /* Constants.swift in Sources */,
				32A0F42A2C1467690049053D /* DesingPlaceholders.swift in Sources */,
				329801012C1793FC0002C71C /* ProductDetailsInteractor.swift in Sources */,
				3283A8B42C1607CF0028BADD /* ProductDetailsViewController.swift in Sources */,
				329D62C72C122E21008D63F7 /* SceneDelegate.swift in Sources */,
				329D62EE2C123201008D63F7 /* ProductsRouter.swift in Sources */,
				32A0F4272C1463B70049053D /* RegularProductsCollectionViewCell.swift in Sources */,
				327FB2402C14C6990008181C /* SponsoredProductsCollectionViewCell.swift in Sources */,
				329D62E92C1231D1008D63F7 /* ProductsPresenter.swift in Sources */,
				329D62EB2C1231E6008D63F7 /* ProductsEntity.swift in Sources */,
				327DC5D42C162530000B91C2 /* ImagesCollectionViewCell.swift in Sources */,
				329800FD2C178D980002C71C /* ProductDetailsContractor.swift in Sources */,
				329D62E72C1231BA008D63F7 /* ProductsInteractor.swift in Sources */,
			);
			runOnlyForDeploymentPostprocessing = 0;
		};
/* End PBXSourcesBuildPhase section */

/* Begin PBXVariantGroup section */
		329D62CF2C122E22008D63F7 /* LaunchScreen.storyboard */ = {
			isa = PBXVariantGroup;
			children = (
				329D62D02C122E22008D63F7 /* Base */,
			);
			name = LaunchScreen.storyboard;
			sourceTree = "<group>";
		};
/* End PBXVariantGroup section */

/* Begin XCBuildConfiguration section */
		329D62D32C122E22008D63F7 /* Debug */ = {
			isa = XCBuildConfiguration;
			buildSettings = {
				ALWAYS_SEARCH_USER_PATHS = NO;
				ASSETCATALOG_COMPILER_GENERATE_SWIFT_ASSET_SYMBOL_EXTENSIONS = YES;
				CLANG_ANALYZER_NONNULL = YES;
				CLANG_ANALYZER_NUMBER_OBJECT_CONVERSION = YES_AGGRESSIVE;
				CLANG_CXX_LANGUAGE_STANDARD = "gnu++20";
				CLANG_ENABLE_MODULES = YES;
				CLANG_ENABLE_OBJC_ARC = YES;
				CLANG_ENABLE_OBJC_WEAK = YES;
				CLANG_WARN_BLOCK_CAPTURE_AUTORELEASING = YES;
				CLANG_WARN_BOOL_CONVERSION = YES;
				CLANG_WARN_COMMA = YES;
				CLANG_WARN_CONSTANT_CONVERSION = YES;
				CLANG_WARN_DEPRECATED_OBJC_IMPLEMENTATIONS = YES;
				CLANG_WARN_DIRECT_OBJC_ISA_USAGE = YES_ERROR;
				CLANG_WARN_DOCUMENTATION_COMMENTS = YES;
				CLANG_WARN_EMPTY_BODY = YES;
				CLANG_WARN_ENUM_CONVERSION = YES;
				CLANG_WARN_INFINITE_RECURSION = YES;
				CLANG_WARN_INT_CONVERSION = YES;
				CLANG_WARN_NON_LITERAL_NULL_CONVERSION = YES;
				CLANG_WARN_OBJC_IMPLICIT_RETAIN_SELF = YES;
				CLANG_WARN_OBJC_LITERAL_CONVERSION = YES;
				CLANG_WARN_OBJC_ROOT_CLASS = YES_ERROR;
				CLANG_WARN_QUOTED_INCLUDE_IN_FRAMEWORK_HEADER = YES;
				CLANG_WARN_RANGE_LOOP_ANALYSIS = YES;
				CLANG_WARN_STRICT_PROTOTYPES = YES;
				CLANG_WARN_SUSPICIOUS_MOVE = YES;
				CLANG_WARN_UNGUARDED_AVAILABILITY = YES_AGGRESSIVE;
				CLANG_WARN_UNREACHABLE_CODE = YES;
				CLANG_WARN__DUPLICATE_METHOD_MATCH = YES;
				COPY_PHASE_STRIP = NO;
				DEBUG_INFORMATION_FORMAT = dwarf;
				ENABLE_STRICT_OBJC_MSGSEND = YES;
				ENABLE_TESTABILITY = YES;
				ENABLE_USER_SCRIPT_SANDBOXING = YES;
				GCC_C_LANGUAGE_STANDARD = gnu17;
				GCC_DYNAMIC_NO_PIC = NO;
				GCC_NO_COMMON_BLOCKS = YES;
				GCC_OPTIMIZATION_LEVEL = 0;
				GCC_PREPROCESSOR_DEFINITIONS = (
					"DEBUG=1",
					"$(inherited)",
				);
				GCC_WARN_64_TO_32_BIT_CONVERSION = YES;
				GCC_WARN_ABOUT_RETURN_TYPE = YES_ERROR;
				GCC_WARN_UNDECLARED_SELECTOR = YES;
				GCC_WARN_UNINITIALIZED_AUTOS = YES_AGGRESSIVE;
				GCC_WARN_UNUSED_FUNCTION = YES;
				GCC_WARN_UNUSED_VARIABLE = YES;
				IPHONEOS_DEPLOYMENT_TARGET = 17.5;
				LOCALIZATION_PREFERS_STRING_CATALOGS = YES;
				MTL_ENABLE_DEBUG_INFO = INCLUDE_SOURCE;
				MTL_FAST_MATH = YES;
				ONLY_ACTIVE_ARCH = YES;
				SDKROOT = iphoneos;
				SWIFT_ACTIVE_COMPILATION_CONDITIONS = "DEBUG $(inherited)";
				SWIFT_OPTIMIZATION_LEVEL = "-Onone";
			};
			name = Debug;
		};
		329D62D42C122E22008D63F7 /* Release */ = {
			isa = XCBuildConfiguration;
			buildSettings = {
				ALWAYS_SEARCH_USER_PATHS = NO;
				ASSETCATALOG_COMPILER_GENERATE_SWIFT_ASSET_SYMBOL_EXTENSIONS = YES;
				CLANG_ANALYZER_NONNULL = YES;
				CLANG_ANALYZER_NUMBER_OBJECT_CONVERSION = YES_AGGRESSIVE;
				CLANG_CXX_LANGUAGE_STANDARD = "gnu++20";
				CLANG_ENABLE_MODULES = YES;
				CLANG_ENABLE_OBJC_ARC = YES;
				CLANG_ENABLE_OBJC_WEAK = YES;
				CLANG_WARN_BLOCK_CAPTURE_AUTORELEASING = YES;
				CLANG_WARN_BOOL_CONVERSION = YES;
				CLANG_WARN_COMMA = YES;
				CLANG_WARN_CONSTANT_CONVERSION = YES;
				CLANG_WARN_DEPRECATED_OBJC_IMPLEMENTATIONS = YES;
				CLANG_WARN_DIRECT_OBJC_ISA_USAGE = YES_ERROR;
				CLANG_WARN_DOCUMENTATION_COMMENTS = YES;
				CLANG_WARN_EMPTY_BODY = YES;
				CLANG_WARN_ENUM_CONVERSION = YES;
				CLANG_WARN_INFINITE_RECURSION = YES;
				CLANG_WARN_INT_CONVERSION = YES;
				CLANG_WARN_NON_LITERAL_NULL_CONVERSION = YES;
				CLANG_WARN_OBJC_IMPLICIT_RETAIN_SELF = YES;
				CLANG_WARN_OBJC_LITERAL_CONVERSION = YES;
				CLANG_WARN_OBJC_ROOT_CLASS = YES_ERROR;
				CLANG_WARN_QUOTED_INCLUDE_IN_FRAMEWORK_HEADER = YES;
				CLANG_WARN_RANGE_LOOP_ANALYSIS = YES;
				CLANG_WARN_STRICT_PROTOTYPES = YES;
				CLANG_WARN_SUSPICIOUS_MOVE = YES;
				CLANG_WARN_UNGUARDED_AVAILABILITY = YES_AGGRESSIVE;
				CLANG_WARN_UNREACHABLE_CODE = YES;
				CLANG_WARN__DUPLICATE_METHOD_MATCH = YES;
				COPY_PHASE_STRIP = NO;
				DEBUG_INFORMATION_FORMAT = "dwarf-with-dsym";
				ENABLE_NS_ASSERTIONS = NO;
				ENABLE_STRICT_OBJC_MSGSEND = YES;
				ENABLE_USER_SCRIPT_SANDBOXING = YES;
				GCC_C_LANGUAGE_STANDARD = gnu17;
				GCC_NO_COMMON_BLOCKS = YES;
				GCC_WARN_64_TO_32_BIT_CONVERSION = YES;
				GCC_WARN_ABOUT_RETURN_TYPE = YES_ERROR;
				GCC_WARN_UNDECLARED_SELECTOR = YES;
				GCC_WARN_UNINITIALIZED_AUTOS = YES_AGGRESSIVE;
				GCC_WARN_UNUSED_FUNCTION = YES;
				GCC_WARN_UNUSED_VARIABLE = YES;
				IPHONEOS_DEPLOYMENT_TARGET = 17.5;
				LOCALIZATION_PREFERS_STRING_CATALOGS = YES;
				MTL_ENABLE_DEBUG_INFO = NO;
				MTL_FAST_MATH = YES;
				SDKROOT = iphoneos;
				SWIFT_COMPILATION_MODE = wholemodule;
				VALIDATE_PRODUCT = YES;
			};
			name = Release;
		};
		329D62D62C122E22008D63F7 /* Debug */ = {
			isa = XCBuildConfiguration;
			buildSettings = {
				ASSETCATALOG_COMPILER_APPICON_NAME = AppIcon;
				ASSETCATALOG_COMPILER_GLOBAL_ACCENT_COLOR_NAME = AccentColor;
				CODE_SIGN_STYLE = Automatic;
				CURRENT_PROJECT_VERSION = 1;
				DEVELOPMENT_TEAM = DK47ZGQX9C;
				GENERATE_INFOPLIST_FILE = YES;
				INFOPLIST_FILE = CaseStudyViper/Info.plist;
				INFOPLIST_KEY_UIApplicationSupportsIndirectInputEvents = YES;
				INFOPLIST_KEY_UILaunchStoryboardName = LaunchScreen;
				INFOPLIST_KEY_UIMainStoryboardFile = "";
				INFOPLIST_KEY_UISupportedInterfaceOrientations_iPad = "UIInterfaceOrientationPortrait UIInterfaceOrientationPortraitUpsideDown UIInterfaceOrientationLandscapeLeft UIInterfaceOrientationLandscapeRight";
				INFOPLIST_KEY_UISupportedInterfaceOrientations_iPhone = "UIInterfaceOrientationPortrait UIInterfaceOrientationLandscapeLeft UIInterfaceOrientationLandscapeRight";
				LD_RUNPATH_SEARCH_PATHS = (
					"$(inherited)",
					"@executable_path/Frameworks",
				);
				MARKETING_VERSION = 1.0;
				PRODUCT_BUNDLE_IDENTIFIER = com.yusufkeskin.CaseStudyViper;
				PRODUCT_NAME = "$(TARGET_NAME)";
				SWIFT_EMIT_LOC_STRINGS = YES;
				SWIFT_VERSION = 5.0;
				TARGETED_DEVICE_FAMILY = "1,2";
			};
			name = Debug;
		};
		329D62D72C122E22008D63F7 /* Release */ = {
			isa = XCBuildConfiguration;
			buildSettings = {
				ASSETCATALOG_COMPILER_APPICON_NAME = AppIcon;
				ASSETCATALOG_COMPILER_GLOBAL_ACCENT_COLOR_NAME = AccentColor;
				CODE_SIGN_STYLE = Automatic;
				CURRENT_PROJECT_VERSION = 1;
				DEVELOPMENT_TEAM = DK47ZGQX9C;
				GENERATE_INFOPLIST_FILE = YES;
				INFOPLIST_FILE = CaseStudyViper/Info.plist;
				INFOPLIST_KEY_UIApplicationSupportsIndirectInputEvents = YES;
				INFOPLIST_KEY_UILaunchStoryboardName = LaunchScreen;
				INFOPLIST_KEY_UIMainStoryboardFile = "";
				INFOPLIST_KEY_UISupportedInterfaceOrientations_iPad = "UIInterfaceOrientationPortrait UIInterfaceOrientationPortraitUpsideDown UIInterfaceOrientationLandscapeLeft UIInterfaceOrientationLandscapeRight";
				INFOPLIST_KEY_UISupportedInterfaceOrientations_iPhone = "UIInterfaceOrientationPortrait UIInterfaceOrientationLandscapeLeft UIInterfaceOrientationLandscapeRight";
				LD_RUNPATH_SEARCH_PATHS = (
					"$(inherited)",
					"@executable_path/Frameworks",
				);
				MARKETING_VERSION = 1.0;
				PRODUCT_BUNDLE_IDENTIFIER = com.yusufkeskin.CaseStudyViper;
				PRODUCT_NAME = "$(TARGET_NAME)";
				SWIFT_EMIT_LOC_STRINGS = YES;
				SWIFT_VERSION = 5.0;
				TARGETED_DEVICE_FAMILY = "1,2";
			};
			name = Release;
		};
/* End XCBuildConfiguration section */

/* Begin XCConfigurationList section */
		329D62BC2C122E21008D63F7 /* Build configuration list for PBXProject "CaseStudyViper" */ = {
			isa = XCConfigurationList;
			buildConfigurations = (
				329D62D32C122E22008D63F7 /* Debug */,
				329D62D42C122E22008D63F7 /* Release */,
			);
			defaultConfigurationIsVisible = 0;
			defaultConfigurationName = Release;
		};
		329D62D52C122E22008D63F7 /* Build configuration list for PBXNativeTarget "CaseStudyViper" */ = {
			isa = XCConfigurationList;
			buildConfigurations = (
				329D62D62C122E22008D63F7 /* Debug */,
				329D62D72C122E22008D63F7 /* Release */,
			);
			defaultConfigurationIsVisible = 0;
			defaultConfigurationName = Release;
		};
/* End XCConfigurationList section */

/* Begin XCRemoteSwiftPackageReference section */
		327FB2422C14E6BB0008181C /* XCRemoteSwiftPackageReference "Kingfisher" */ = {
			isa = XCRemoteSwiftPackageReference;
			repositoryURL = "https://github.com/onevcat/Kingfisher.git";
			requirement = {
				kind = upToNextMajorVersion;
				minimumVersion = 7.11.0;
			};
		};
/* End XCRemoteSwiftPackageReference section */

/* Begin XCSwiftPackageProductDependency section */
		327FB2432C14E6BB0008181C /* Kingfisher */ = {
			isa = XCSwiftPackageProductDependency;
			package = 327FB2422C14E6BB0008181C /* XCRemoteSwiftPackageReference "Kingfisher" */;
			productName = Kingfisher;
		};
/* End XCSwiftPackageProductDependency section */
	};
	rootObject = 329D62B92C122E21008D63F7 /* Project object */;
}
